
Microsoft Visual Studio Solution File, Format Version 12.00
# Visual Studio Version 17
VisualStudioVersion = 17.9.34622.214
MinimumVisualStudioVersion = 10.0.40219.1
Project("{FAE04EC0-301F-11D3-BF4B-00C04F79EFBC}") = "Liv in Paris", "Liv in Paris.csproj", "{14D2EF5E-A26B-4E69-A685-2C4BA6A06B51}"
EndProject
Global
	GlobalSection(SolutionConfigurationPlatforms) = preSolution
		Debug|Any CPU = Debug|Any CPU
		Release|Any CPU = Release|Any CPU
	EndGlobalSection
	GlobalSection(ProjectConfigurationPlatforms) = postSolution
		{14D2EF5E-A26B-4E69-A685-2C4BA6A06B51}.Debug|Any CPU.ActiveCfg = Debug|Any CPU
		{14D2EF5E-A26B-4E69-A685-2C4BA6A06B51}.Debug|Any CPU.Build.0 = Debug|Any CPU
		{14D2EF5E-A26B-4E69-A685-2C4BA6A06B51}.Release|Any CPU.ActiveCfg = Release|Any CPU
		{14D2EF5E-A26B-4E69-A685-2C4BA6A06B51}.Release|Any CPU.Build.0 = Release|Any CPU
	EndGlobalSection
	GlobalSection(SolutionProperties) = preSolution
		HideSolutionNode = FALSE
	EndGlobalSection
	GlobalSection(ExtensibilityGlobals) = postSolution
		SolutionGuid = {DEA3904F-8F58-49D7-8CE3-31A479D7AD5E}
	EndGlobalSection
EndGlobal
